// !$*UTF8*$!
{
	archiveVersion = 1;
	classes = {
	};
	objectVersion = 46;
	objects = {

/* Begin PBXBuildFile section */
		613B1B511E72144800544297 /* TeamTableViewCell.swift in Sources */ = {isa = PBXBuildFile; fileRef = 613B1B4F1E72144800544297 /* TeamTableViewCell.swift */; };
		613B1B521E72144800544297 /* TeamTableViewCell.xib in Resources */ = {isa = PBXBuildFile; fileRef = 613B1B501E72144800544297 /* TeamTableViewCell.xib */; };
		613B1B551E721A1E00544297 /* FindChallengesViewController.swift in Sources */ = {isa = PBXBuildFile; fileRef = 613B1B531E721A1E00544297 /* FindChallengesViewController.swift */; };
		613B1B561E721A1E00544297 /* FindChallengesViewController.xib in Resources */ = {isa = PBXBuildFile; fileRef = 613B1B541E721A1E00544297 /* FindChallengesViewController.xib */; };
		613B1B591E722F2A00544297 /* UserCollectionViewCell.swift in Sources */ = {isa = PBXBuildFile; fileRef = 613B1B571E722F2A00544297 /* UserCollectionViewCell.swift */; };
		613B1B5A1E722F2A00544297 /* UserCollectionViewCell.xib in Resources */ = {isa = PBXBuildFile; fileRef = 613B1B581E722F2A00544297 /* UserCollectionViewCell.xib */; };
		613B1B5E1E722F3C00544297 /* ProgressPostTableViewCell.xib in Resources */ = {isa = PBXBuildFile; fileRef = 613B1B5C1E722F3C00544297 /* ProgressPostTableViewCell.xib */; };
		615A292B1E9AD5E700568D40 /* API.swift in Sources */ = {isa = PBXBuildFile; fileRef = 615A292A1E9AD5E700568D40 /* API.swift */; };
		618C69771EA2C2C500AA84B0 /* Badges.swift in Sources */ = {isa = PBXBuildFile; fileRef = 618C69761EA2C2C500AA84B0 /* Badges.swift */; };
		618FBA441E7332B300B2F652 /* KonstruuTabBarController.swift in Sources */ = {isa = PBXBuildFile; fileRef = 618FBA421E7332B300B2F652 /* KonstruuTabBarController.swift */; };
		61BD68BE1E6DEC0A00B1A0E9 /* LoginViewController.swift in Sources */ = {isa = PBXBuildFile; fileRef = 61BD68BC1E6DEC0A00B1A0E9 /* LoginViewController.swift */; };
		61BD68BF1E6DEC0A00B1A0E9 /* LoginViewController.xib in Resources */ = {isa = PBXBuildFile; fileRef = 61BD68BD1E6DEC0A00B1A0E9 /* LoginViewController.xib */; };
		61BD68C21E6DEEF400B1A0E9 /* ProfileViewController.swift in Sources */ = {isa = PBXBuildFile; fileRef = 61BD68C01E6DEEF400B1A0E9 /* ProfileViewController.swift */; };
		61BD68C31E6DEEF400B1A0E9 /* ProfileViewController.xib in Resources */ = {isa = PBXBuildFile; fileRef = 61BD68C11E6DEEF400B1A0E9 /* ProfileViewController.xib */; };
		61BD68CF1E6DF7B900B1A0E9 /* ChallengeTableViewCell.swift in Sources */ = {isa = PBXBuildFile; fileRef = 61BD68CD1E6DF7B900B1A0E9 /* ChallengeTableViewCell.swift */; };
		61E7C2DB1E9DB3AA0052B0E6 /* User.swift in Sources */ = {isa = PBXBuildFile; fileRef = 61E7C2DA1E9DB3AA0052B0E6 /* User.swift */; };
		61E7C2DD1E9DB3B60052B0E6 /* Challenge.swift in Sources */ = {isa = PBXBuildFile; fileRef = 61E7C2DC1E9DB3B60052B0E6 /* Challenge.swift */; };
		61E7C2DF1E9DB3BD0052B0E6 /* Team.swift in Sources */ = {isa = PBXBuildFile; fileRef = 61E7C2DE1E9DB3BD0052B0E6 /* Team.swift */; };
		61F255DF1E984E2C0039459D /* GoogleService-Info.plist in Resources */ = {isa = PBXBuildFile; fileRef = 61F255DE1E984E2C0039459D /* GoogleService-Info.plist */; };
		61F7F8761E6E06870017461F /* ChallengeViewController.swift in Sources */ = {isa = PBXBuildFile; fileRef = 61F7F8741E6E06870017461F /* ChallengeViewController.swift */; };
		61F7F8771E6E06870017461F /* ChallengeViewController.xib in Resources */ = {isa = PBXBuildFile; fileRef = 61F7F8751E6E06870017461F /* ChallengeViewController.xib */; };
		61F7F87A1E6E06FB0017461F /* TeamViewController.swift in Sources */ = {isa = PBXBuildFile; fileRef = 61F7F8781E6E06FB0017461F /* TeamViewController.swift */; };
		61F7F87B1E6E06FB0017461F /* TeamViewController.xib in Resources */ = {isa = PBXBuildFile; fileRef = 61F7F8791E6E06FB0017461F /* TeamViewController.xib */; };
		61F7F87E1E6E076C0017461F /* CreateChallengeViewController.swift in Sources */ = {isa = PBXBuildFile; fileRef = 61F7F87C1E6E076C0017461F /* CreateChallengeViewController.swift */; };
		61F7F8821E6E077D0017461F /* CreateTeamViewController.swift in Sources */ = {isa = PBXBuildFile; fileRef = 61F7F8801E6E077D0017461F /* CreateTeamViewController.swift */; };
		61F7F8831E6E077D0017461F /* CreateTeamViewController.xib in Resources */ = {isa = PBXBuildFile; fileRef = 61F7F8811E6E077D0017461F /* CreateTeamViewController.xib */; };
		63C9D1FF9CC1A80C8AADAB4C /* Pods_Konstruu.framework in Frameworks */ = {isa = PBXBuildFile; fileRef = 2F54197AF7908272DF974385 /* Pods_Konstruu.framework */; };
		681085F51E9D239300FB32F0 /* ChallengeButton.swift in Sources */ = {isa = PBXBuildFile; fileRef = 681085F41E9D239300FB32F0 /* ChallengeButton.swift */; };
		681085F71E9D245000FB32F0 /* ScalableButton.swift in Sources */ = {isa = PBXBuildFile; fileRef = 681085F61E9D245000FB32F0 /* ScalableButton.swift */; };
		6874023B1EA6656600232634 /* UIFont+Helper.swift in Sources */ = {isa = PBXBuildFile; fileRef = 6874023A1EA6656600232634 /* UIFont+Helper.swift */; };
		687402461EA665E900232634 /* OpenSans-Bold.ttf in Resources */ = {isa = PBXBuildFile; fileRef = 6874023D1EA665BD00232634 /* OpenSans-Bold.ttf */; };
		687402471EA665EE00232634 /* OpenSans-BoldItalic.ttf in Resources */ = {isa = PBXBuildFile; fileRef = 6874023E1EA665BD00232634 /* OpenSans-BoldItalic.ttf */; };
		687402481EA665EE00232634 /* OpenSans-ExtraBold.ttf in Resources */ = {isa = PBXBuildFile; fileRef = 6874023F1EA665BD00232634 /* OpenSans-ExtraBold.ttf */; };
		687402491EA665EE00232634 /* OpenSans-ExtraBoldItalic.ttf in Resources */ = {isa = PBXBuildFile; fileRef = 687402401EA665BD00232634 /* OpenSans-ExtraBoldItalic.ttf */; };
		6874024A1EA665EE00232634 /* OpenSans-Light.ttf in Resources */ = {isa = PBXBuildFile; fileRef = 687402411EA665BD00232634 /* OpenSans-Light.ttf */; };
		6874024B1EA665EE00232634 /* OpenSans-LightItalic.ttf in Resources */ = {isa = PBXBuildFile; fileRef = 687402421EA665BD00232634 /* OpenSans-LightItalic.ttf */; };
		6874024C1EA665EE00232634 /* OpenSans-Regular.ttf in Resources */ = {isa = PBXBuildFile; fileRef = 687402431EA665BD00232634 /* OpenSans-Regular.ttf */; };
		6874024D1EA665EE00232634 /* OpenSans-Semibold.ttf in Resources */ = {isa = PBXBuildFile; fileRef = 687402441EA665BD00232634 /* OpenSans-Semibold.ttf */; };
		6874024E1EA665EE00232634 /* OpenSans-SemiboldItalic.ttf in Resources */ = {isa = PBXBuildFile; fileRef = 687402451EA665BD00232634 /* OpenSans-SemiboldItalic.ttf */; };
		687402501EA6668100232634 /* UIColor+Helper.swift in Sources */ = {isa = PBXBuildFile; fileRef = 6874024F1EA6668100232634 /* UIColor+Helper.swift */; };
		687402571EADE0C600232634 /* ChallengeCategories.swift in Sources */ = {isa = PBXBuildFile; fileRef = 687402561EADE0C600232634 /* ChallengeCategories.swift */; };
		687402591EAE803700232634 /* ProfileInfoTableViewCell.swift in Sources */ = {isa = PBXBuildFile; fileRef = 687402581EAE803600232634 /* ProfileInfoTableViewCell.swift */; };
		6874025B1EAF014D00232634 /* ProfileSpecialityTableViewCell.swift in Sources */ = {isa = PBXBuildFile; fileRef = 6874025A1EAF014D00232634 /* ProfileSpecialityTableViewCell.swift */; };
		68C8E55C1E6408AA00047901 /* AppDelegate.swift in Sources */ = {isa = PBXBuildFile; fileRef = 68C8E55B1E6408AA00047901 /* AppDelegate.swift */; };
		68C8E5631E6408AA00047901 /* Assets.xcassets in Resources */ = {isa = PBXBuildFile; fileRef = 68C8E5621E6408AA00047901 /* Assets.xcassets */; };
		68C8E5661E6408AA00047901 /* LaunchScreen.storyboard in Resources */ = {isa = PBXBuildFile; fileRef = 68C8E5641E6408AA00047901 /* LaunchScreen.storyboard */; };
		68EFF7761EAFB0CE003D7785 /* ProfileProjectTableViewCell.swift in Sources */ = {isa = PBXBuildFile; fileRef = 68EFF7751EAFB0CD003D7785 /* ProfileProjectTableViewCell.swift */; };
		CA3A89441E6F81820000D33E /* ChallengeTableViewCell.xib in Resources */ = {isa = PBXBuildFile; fileRef = CA3A89431E6F81820000D33E /* ChallengeTableViewCell.xib */; };
/* End PBXBuildFile section */

/* Begin PBXCopyFilesBuildPhase section */
		61F8121D1E70DBFF00777F68 /* Embed Frameworks */ = {
			isa = PBXCopyFilesBuildPhase;
			buildActionMask = 2147483647;
			dstPath = "";
			dstSubfolderSpec = 10;
			files = (
			);
			name = "Embed Frameworks";
			runOnlyForDeploymentPostprocessing = 0;
		};
/* End PBXCopyFilesBuildPhase section */

/* Begin PBXFileReference section */
		2F54197AF7908272DF974385 /* Pods_Konstruu.framework */ = {isa = PBXFileReference; explicitFileType = wrapper.framework; includeInIndex = 0; path = Pods_Konstruu.framework; sourceTree = BUILT_PRODUCTS_DIR; };
		3933F443C092D674AF826DEB /* Pods-Konstruu.release.xcconfig */ = {isa = PBXFileReference; includeInIndex = 1; lastKnownFileType = text.xcconfig; name = "Pods-Konstruu.release.xcconfig"; path = "Pods/Target Support Files/Pods-Konstruu/Pods-Konstruu.release.xcconfig"; sourceTree = "<group>"; };
		613B1B4F1E72144800544297 /* TeamTableViewCell.swift */ = {isa = PBXFileReference; fileEncoding = 4; lastKnownFileType = sourcecode.swift; path = TeamTableViewCell.swift; sourceTree = "<group>"; };
		613B1B501E72144800544297 /* TeamTableViewCell.xib */ = {isa = PBXFileReference; fileEncoding = 4; lastKnownFileType = file.xib; path = TeamTableViewCell.xib; sourceTree = "<group>"; };
		613B1B531E721A1E00544297 /* FindChallengesViewController.swift */ = {isa = PBXFileReference; fileEncoding = 4; lastKnownFileType = sourcecode.swift; path = FindChallengesViewController.swift; sourceTree = "<group>"; };
		613B1B541E721A1E00544297 /* FindChallengesViewController.xib */ = {isa = PBXFileReference; fileEncoding = 4; lastKnownFileType = file.xib; path = FindChallengesViewController.xib; sourceTree = "<group>"; };
		613B1B571E722F2A00544297 /* UserCollectionViewCell.swift */ = {isa = PBXFileReference; fileEncoding = 4; lastKnownFileType = sourcecode.swift; path = UserCollectionViewCell.swift; sourceTree = "<group>"; };
		613B1B581E722F2A00544297 /* UserCollectionViewCell.xib */ = {isa = PBXFileReference; fileEncoding = 4; lastKnownFileType = file.xib; path = UserCollectionViewCell.xib; sourceTree = "<group>"; };
		613B1B5C1E722F3C00544297 /* ProgressPostTableViewCell.xib */ = {isa = PBXFileReference; fileEncoding = 4; lastKnownFileType = file.xib; path = ProgressPostTableViewCell.xib; sourceTree = "<group>"; };
		615A292A1E9AD5E700568D40 /* API.swift */ = {isa = PBXFileReference; fileEncoding = 4; lastKnownFileType = sourcecode.swift; path = API.swift; sourceTree = "<group>"; };
		618C69761EA2C2C500AA84B0 /* Badges.swift */ = {isa = PBXFileReference; fileEncoding = 4; lastKnownFileType = sourcecode.swift; path = Badges.swift; sourceTree = "<group>"; };
		618FBA421E7332B300B2F652 /* KonstruuTabBarController.swift */ = {isa = PBXFileReference; fileEncoding = 4; lastKnownFileType = sourcecode.swift; path = KonstruuTabBarController.swift; sourceTree = "<group>"; };
		61BD68BC1E6DEC0A00B1A0E9 /* LoginViewController.swift */ = {isa = PBXFileReference; fileEncoding = 4; lastKnownFileType = sourcecode.swift; path = LoginViewController.swift; sourceTree = "<group>"; };
		61BD68BD1E6DEC0A00B1A0E9 /* LoginViewController.xib */ = {isa = PBXFileReference; fileEncoding = 4; lastKnownFileType = file.xib; path = LoginViewController.xib; sourceTree = "<group>"; };
		61BD68C01E6DEEF400B1A0E9 /* ProfileViewController.swift */ = {isa = PBXFileReference; fileEncoding = 4; lastKnownFileType = sourcecode.swift; path = ProfileViewController.swift; sourceTree = "<group>"; };
		61BD68C11E6DEEF400B1A0E9 /* ProfileViewController.xib */ = {isa = PBXFileReference; fileEncoding = 4; lastKnownFileType = file.xib; path = ProfileViewController.xib; sourceTree = "<group>"; };
		61BD68CD1E6DF7B900B1A0E9 /* ChallengeTableViewCell.swift */ = {isa = PBXFileReference; fileEncoding = 4; lastKnownFileType = sourcecode.swift; path = ChallengeTableViewCell.swift; sourceTree = "<group>"; };
		61E7C2DA1E9DB3AA0052B0E6 /* User.swift */ = {isa = PBXFileReference; fileEncoding = 4; lastKnownFileType = sourcecode.swift; path = User.swift; sourceTree = "<group>"; };
		61E7C2DC1E9DB3B60052B0E6 /* Challenge.swift */ = {isa = PBXFileReference; fileEncoding = 4; lastKnownFileType = sourcecode.swift; path = Challenge.swift; sourceTree = "<group>"; };
		61E7C2DE1E9DB3BD0052B0E6 /* Team.swift */ = {isa = PBXFileReference; fileEncoding = 4; lastKnownFileType = sourcecode.swift; path = Team.swift; sourceTree = "<group>"; };
		61F255DE1E984E2C0039459D /* GoogleService-Info.plist */ = {isa = PBXFileReference; fileEncoding = 4; lastKnownFileType = text.plist.xml; path = "GoogleService-Info.plist"; sourceTree = "<group>"; };
		61F7F8741E6E06870017461F /* ChallengeViewController.swift */ = {isa = PBXFileReference; fileEncoding = 4; lastKnownFileType = sourcecode.swift; path = ChallengeViewController.swift; sourceTree = "<group>"; };
		61F7F8751E6E06870017461F /* ChallengeViewController.xib */ = {isa = PBXFileReference; fileEncoding = 4; lastKnownFileType = file.xib; path = ChallengeViewController.xib; sourceTree = "<group>"; };
		61F7F8781E6E06FB0017461F /* TeamViewController.swift */ = {isa = PBXFileReference; fileEncoding = 4; lastKnownFileType = sourcecode.swift; path = TeamViewController.swift; sourceTree = "<group>"; };
		61F7F8791E6E06FB0017461F /* TeamViewController.xib */ = {isa = PBXFileReference; fileEncoding = 4; lastKnownFileType = file.xib; path = TeamViewController.xib; sourceTree = "<group>"; };
		61F7F87C1E6E076C0017461F /* CreateChallengeViewController.swift */ = {isa = PBXFileReference; fileEncoding = 4; lastKnownFileType = sourcecode.swift; path = CreateChallengeViewController.swift; sourceTree = "<group>"; };
		61F7F8801E6E077D0017461F /* CreateTeamViewController.swift */ = {isa = PBXFileReference; fileEncoding = 4; lastKnownFileType = sourcecode.swift; path = CreateTeamViewController.swift; sourceTree = "<group>"; };
		61F7F8811E6E077D0017461F /* CreateTeamViewController.xib */ = {isa = PBXFileReference; fileEncoding = 4; lastKnownFileType = file.xib; path = CreateTeamViewController.xib; sourceTree = "<group>"; };
		681085F41E9D239300FB32F0 /* ChallengeButton.swift */ = {isa = PBXFileReference; fileEncoding = 4; lastKnownFileType = sourcecode.swift; path = ChallengeButton.swift; sourceTree = "<group>"; };
		681085F61E9D245000FB32F0 /* ScalableButton.swift */ = {isa = PBXFileReference; fileEncoding = 4; lastKnownFileType = sourcecode.swift; path = ScalableButton.swift; sourceTree = "<group>"; };
		6874023A1EA6656600232634 /* UIFont+Helper.swift */ = {isa = PBXFileReference; fileEncoding = 4; lastKnownFileType = sourcecode.swift; path = "UIFont+Helper.swift"; sourceTree = "<group>"; };
		6874023D1EA665BD00232634 /* OpenSans-Bold.ttf */ = {isa = PBXFileReference; lastKnownFileType = file; path = "OpenSans-Bold.ttf"; sourceTree = "<group>"; };
		6874023E1EA665BD00232634 /* OpenSans-BoldItalic.ttf */ = {isa = PBXFileReference; lastKnownFileType = file; path = "OpenSans-BoldItalic.ttf"; sourceTree = "<group>"; };
		6874023F1EA665BD00232634 /* OpenSans-ExtraBold.ttf */ = {isa = PBXFileReference; lastKnownFileType = file; path = "OpenSans-ExtraBold.ttf"; sourceTree = "<group>"; };
		687402401EA665BD00232634 /* OpenSans-ExtraBoldItalic.ttf */ = {isa = PBXFileReference; lastKnownFileType = file; path = "OpenSans-ExtraBoldItalic.ttf"; sourceTree = "<group>"; };
		687402411EA665BD00232634 /* OpenSans-Light.ttf */ = {isa = PBXFileReference; lastKnownFileType = file; path = "OpenSans-Light.ttf"; sourceTree = "<group>"; };
		687402421EA665BD00232634 /* OpenSans-LightItalic.ttf */ = {isa = PBXFileReference; lastKnownFileType = file; path = "OpenSans-LightItalic.ttf"; sourceTree = "<group>"; };
		687402431EA665BD00232634 /* OpenSans-Regular.ttf */ = {isa = PBXFileReference; lastKnownFileType = file; path = "OpenSans-Regular.ttf"; sourceTree = "<group>"; };
		687402441EA665BD00232634 /* OpenSans-Semibold.ttf */ = {isa = PBXFileReference; lastKnownFileType = file; path = "OpenSans-Semibold.ttf"; sourceTree = "<group>"; };
		687402451EA665BD00232634 /* OpenSans-SemiboldItalic.ttf */ = {isa = PBXFileReference; lastKnownFileType = file; path = "OpenSans-SemiboldItalic.ttf"; sourceTree = "<group>"; };
		6874024F1EA6668100232634 /* UIColor+Helper.swift */ = {isa = PBXFileReference; fileEncoding = 4; lastKnownFileType = sourcecode.swift; path = "UIColor+Helper.swift"; sourceTree = "<group>"; };
		687402561EADE0C600232634 /* ChallengeCategories.swift */ = {isa = PBXFileReference; fileEncoding = 4; lastKnownFileType = sourcecode.swift; path = ChallengeCategories.swift; sourceTree = "<group>"; };
		687402581EAE803600232634 /* ProfileInfoTableViewCell.swift */ = {isa = PBXFileReference; fileEncoding = 4; lastKnownFileType = sourcecode.swift; path = ProfileInfoTableViewCell.swift; sourceTree = "<group>"; };
		6874025A1EAF014D00232634 /* ProfileSpecialityTableViewCell.swift */ = {isa = PBXFileReference; fileEncoding = 4; lastKnownFileType = sourcecode.swift; path = ProfileSpecialityTableViewCell.swift; sourceTree = "<group>"; };
		68C8E5581E6408AA00047901 /* Konstruu.app */ = {isa = PBXFileReference; explicitFileType = wrapper.application; includeInIndex = 0; path = Konstruu.app; sourceTree = BUILT_PRODUCTS_DIR; };
		68C8E55B1E6408AA00047901 /* AppDelegate.swift */ = {isa = PBXFileReference; lastKnownFileType = sourcecode.swift; path = AppDelegate.swift; sourceTree = "<group>"; };
		68C8E5621E6408AA00047901 /* Assets.xcassets */ = {isa = PBXFileReference; lastKnownFileType = folder.assetcatalog; path = Assets.xcassets; sourceTree = "<group>"; };
		68C8E5651E6408AA00047901 /* Base */ = {isa = PBXFileReference; lastKnownFileType = file.storyboard; name = Base; path = Base.lproj/LaunchScreen.storyboard; sourceTree = "<group>"; };
		68C8E5671E6408AA00047901 /* Info.plist */ = {isa = PBXFileReference; lastKnownFileType = text.plist.xml; path = Info.plist; sourceTree = "<group>"; };
		68EFF7751EAFB0CD003D7785 /* ProfileProjectTableViewCell.swift */ = {isa = PBXFileReference; fileEncoding = 4; lastKnownFileType = sourcecode.swift; path = ProfileProjectTableViewCell.swift; sourceTree = "<group>"; };
		A9732213F7532194FC238323 /* Pods-Konstruu.debug.xcconfig */ = {isa = PBXFileReference; includeInIndex = 1; lastKnownFileType = text.xcconfig; name = "Pods-Konstruu.debug.xcconfig"; path = "Pods/Target Support Files/Pods-Konstruu/Pods-Konstruu.debug.xcconfig"; sourceTree = "<group>"; };
		CA3A89431E6F81820000D33E /* ChallengeTableViewCell.xib */ = {isa = PBXFileReference; fileEncoding = 4; lastKnownFileType = file.xib; path = ChallengeTableViewCell.xib; sourceTree = "<group>"; };
/* End PBXFileReference section */

/* Begin PBXFrameworksBuildPhase section */
		68C8E5551E6408AA00047901 /* Frameworks */ = {
			isa = PBXFrameworksBuildPhase;
			buildActionMask = 2147483647;
			files = (
				63C9D1FF9CC1A80C8AADAB4C /* Pods_Konstruu.framework in Frameworks */,
			);
			runOnlyForDeploymentPostprocessing = 0;
		};
/* End PBXFrameworksBuildPhase section */

/* Begin PBXGroup section */
		2065EBDA1A66E90A51391AF4 /* Frameworks */ = {
			isa = PBXGroup;
			children = (
				2F54197AF7908272DF974385 /* Pods_Konstruu.framework */,
			);
			name = Frameworks;
			sourceTree = "<group>";
		};
		61592C6F1E711952008B89C6 /* Login Page */ = {
			isa = PBXGroup;
			children = (
				61BD68BC1E6DEC0A00B1A0E9 /* LoginViewController.swift */,
				61BD68BD1E6DEC0A00B1A0E9 /* LoginViewController.xib */,
			);
			name = "Login Page";
			sourceTree = "<group>";
		};
		61592C701E71195B008B89C6 /* Profile Page */ = {
			isa = PBXGroup;
			children = (
				61BD68C01E6DEEF400B1A0E9 /* ProfileViewController.swift */,
				61BD68C11E6DEEF400B1A0E9 /* ProfileViewController.xib */,
				687402581EAE803600232634 /* ProfileInfoTableViewCell.swift */,
				6874025A1EAF014D00232634 /* ProfileSpecialityTableViewCell.swift */,
				68EFF7751EAFB0CD003D7785 /* ProfileProjectTableViewCell.swift */,
			);
			name = "Profile Page";
			sourceTree = "<group>";
		};
		61592C711E711965008B89C6 /* Find Challenges Page */ = {
			isa = PBXGroup;
			children = (
				613B1B531E721A1E00544297 /* FindChallengesViewController.swift */,
				613B1B541E721A1E00544297 /* FindChallengesViewController.xib */,
				61BD68CD1E6DF7B900B1A0E9 /* ChallengeTableViewCell.swift */,
				CA3A89431E6F81820000D33E /* ChallengeTableViewCell.xib */,
			);
			name = "Find Challenges Page";
			sourceTree = "<group>";
		};
		61592C721E71196F008B89C6 /* Challenge Page */ = {
			isa = PBXGroup;
			children = (
				61F7F8741E6E06870017461F /* ChallengeViewController.swift */,
				61F7F8751E6E06870017461F /* ChallengeViewController.xib */,
				613B1B4F1E72144800544297 /* TeamTableViewCell.swift */,
				613B1B501E72144800544297 /* TeamTableViewCell.xib */,
			);
			name = "Challenge Page";
			sourceTree = "<group>";
		};
		61592C731E711975008B89C6 /* Team Page */ = {
			isa = PBXGroup;
			children = (
				61F7F8781E6E06FB0017461F /* TeamViewController.swift */,
				61F7F8791E6E06FB0017461F /* TeamViewController.xib */,
				613B1B571E722F2A00544297 /* UserCollectionViewCell.swift */,
				613B1B581E722F2A00544297 /* UserCollectionViewCell.xib */,
				613B1B5C1E722F3C00544297 /* ProgressPostTableViewCell.xib */,
			);
			name = "Team Page";
			sourceTree = "<group>";
		};
		61592C741E71197B008B89C6 /* Create Challenge Page */ = {
			isa = PBXGroup;
			children = (
				61F7F87C1E6E076C0017461F /* CreateChallengeViewController.swift */,
			);
			name = "Create Challenge Page";
			sourceTree = "<group>";
		};
		61592C751E711983008B89C6 /* Create Team Page */ = {
			isa = PBXGroup;
			children = (
				61F7F8801E6E077D0017461F /* CreateTeamViewController.swift */,
				61F7F8811E6E077D0017461F /* CreateTeamViewController.xib */,
			);
			name = "Create Team Page";
			sourceTree = "<group>";
		};
		618FBA411E732F0400B2F652 /* Tab Bar Controller */ = {
			isa = PBXGroup;
			children = (
				618FBA421E7332B300B2F652 /* KonstruuTabBarController.swift */,
			);
			name = "Tab Bar Controller";
			sourceTree = "<group>";
		};
		61BD68C41E6DF2D300B1A0E9 /* Supporting Files */ = {
			isa = PBXGroup;
			children = (
				6874023C1EA665B200232634 /* Fonts */,
				61F255DE1E984E2C0039459D /* GoogleService-Info.plist */,
				68C8E55B1E6408AA00047901 /* AppDelegate.swift */,
				68C8E5641E6408AA00047901 /* LaunchScreen.storyboard */,
				68C8E5621E6408AA00047901 /* Assets.xcassets */,
				68C8E5671E6408AA00047901 /* Info.plist */,
			);
			name = "Supporting Files";
			sourceTree = "<group>";
		};
		681085F11E9D234100FB32F0 /* Custom Views */ = {
			isa = PBXGroup;
			children = (
				681085F61E9D245000FB32F0 /* ScalableButton.swift */,
				681085F41E9D239300FB32F0 /* ChallengeButton.swift */,
			);
			name = "Custom Views";
			sourceTree = "<group>";
		};
		687402391EA6655200232634 /* Helpers */ = {
			isa = PBXGroup;
			children = (
				6874023A1EA6656600232634 /* UIFont+Helper.swift */,
				6874024F1EA6668100232634 /* UIColor+Helper.swift */,
			);
			name = Helpers;
			sourceTree = "<group>";
		};
		6874023C1EA665B200232634 /* Fonts */ = {
			isa = PBXGroup;
			children = (
				6874023D1EA665BD00232634 /* OpenSans-Bold.ttf */,
				6874023E1EA665BD00232634 /* OpenSans-BoldItalic.ttf */,
				6874023F1EA665BD00232634 /* OpenSans-ExtraBold.ttf */,
				687402401EA665BD00232634 /* OpenSans-ExtraBoldItalic.ttf */,
				687402411EA665BD00232634 /* OpenSans-Light.ttf */,
				687402421EA665BD00232634 /* OpenSans-LightItalic.ttf */,
				687402431EA665BD00232634 /* OpenSans-Regular.ttf */,
				687402441EA665BD00232634 /* OpenSans-Semibold.ttf */,
				687402451EA665BD00232634 /* OpenSans-SemiboldItalic.ttf */,
			);
			name = Fonts;
			sourceTree = "<group>";
		};
		687402551EADE0AE00232634 /* Challenge Categories */ = {
			isa = PBXGroup;
			children = (
				687402561EADE0C600232634 /* ChallengeCategories.swift */,
			);
			name = "Challenge Categories";
			sourceTree = "<group>";
		};
		68C8E54F1E6408AA00047901 = {
			isa = PBXGroup;
			children = (
				68C8E5591E6408AA00047901 /* Products */,
				DE30FA7DFD21E511907F4F1A /* Pods */,
				2065EBDA1A66E90A51391AF4 /* Frameworks */,
				68C8E55A1E6408AA00047901 /* Konstruu */,
			);
			sourceTree = "<group>";
		};
		68C8E5591E6408AA00047901 /* Products */ = {
			isa = PBXGroup;
			children = (
				68C8E5581E6408AA00047901 /* Konstruu.app */,
			);
			name = Products;
			sourceTree = "<group>";
		};
		68C8E55A1E6408AA00047901 /* Konstruu */ = {
			isa = PBXGroup;
			children = (
				61BD68C41E6DF2D300B1A0E9 /* Supporting Files */,
				687402391EA6655200232634 /* Helpers */,
				681085F11E9D234100FB32F0 /* Custom Views */,
				68C8E5711E64194800047901 /* View Controllers */,
				68C8E5701E64193F00047901 /* Model */,
			);
			path = Konstruu;
			sourceTree = "<group>";
		};
		68C8E5701E64193F00047901 /* Model */ = {
			isa = PBXGroup;
			children = (
				615A292A1E9AD5E700568D40 /* API.swift */,
				618C69761EA2C2C500AA84B0 /* Badges.swift */,
				61E7C2DA1E9DB3AA0052B0E6 /* User.swift */,
				61E7C2DE1E9DB3BD0052B0E6 /* Team.swift */,
				61E7C2DC1E9DB3B60052B0E6 /* Challenge.swift */,
			);
			name = Model;
			sourceTree = "<group>";
		};
		68C8E5711E64194800047901 /* View Controllers */ = {
			isa = PBXGroup;
			children = (
				61592C6F1E711952008B89C6 /* Login Page */,
				618FBA411E732F0400B2F652 /* Tab Bar Controller */,
				61592C701E71195B008B89C6 /* Profile Page */,
				61592C711E711965008B89C6 /* Find Challenges Page */,
				687402551EADE0AE00232634 /* Challenge Categories */,
				61592C721E71196F008B89C6 /* Challenge Page */,
				61592C731E711975008B89C6 /* Team Page */,
				61592C741E71197B008B89C6 /* Create Challenge Page */,
				61592C751E711983008B89C6 /* Create Team Page */,
			);
			name = "View Controllers";
			sourceTree = "<group>";
		};
		DE30FA7DFD21E511907F4F1A /* Pods */ = {
			isa = PBXGroup;
			children = (
				A9732213F7532194FC238323 /* Pods-Konstruu.debug.xcconfig */,
				3933F443C092D674AF826DEB /* Pods-Konstruu.release.xcconfig */,
			);
			name = Pods;
			sourceTree = "<group>";
		};
/* End PBXGroup section */

/* Begin PBXNativeTarget section */
		68C8E5571E6408AA00047901 /* Konstruu */ = {
			isa = PBXNativeTarget;
			buildConfigurationList = 68C8E56A1E6408AA00047901 /* Build configuration list for PBXNativeTarget "Konstruu" */;
			buildPhases = (
				6BC9CC457EA69117D183408B /* [CP] Check Pods Manifest.lock */,
				68C8E5541E6408AA00047901 /* Sources */,
				68C8E5551E6408AA00047901 /* Frameworks */,
				68C8E5561E6408AA00047901 /* Resources */,
				B5C779D525A2796105C587BE /* [CP] Embed Pods Frameworks */,
				EC0525A50005594C7AA240EC /* [CP] Copy Pods Resources */,
				61F8121D1E70DBFF00777F68 /* Embed Frameworks */,
			);
			buildRules = (
			);
			dependencies = (
			);
			name = Konstruu;
			productName = Konstruu;
			productReference = 68C8E5581E6408AA00047901 /* Konstruu.app */;
			productType = "com.apple.product-type.application";
		};
/* End PBXNativeTarget section */

/* Begin PBXProject section */
		68C8E5501E6408AA00047901 /* Project object */ = {
			isa = PBXProject;
			attributes = {
				LastSwiftUpdateCheck = 0820;
				LastUpgradeCheck = 0820;
				ORGANIZATIONNAME = "Frog and Code";
				TargetAttributes = {
					68C8E5571E6408AA00047901 = {
						CreatedOnToolsVersion = 8.2.1;
						DevelopmentTeam = TLAM246JYZ;
						ProvisioningStyle = Automatic;
					};
				};
			};
			buildConfigurationList = 68C8E5531E6408AA00047901 /* Build configuration list for PBXProject "Konstruu" */;
			compatibilityVersion = "Xcode 3.2";
			developmentRegion = English;
			hasScannedForEncodings = 0;
			knownRegions = (
				en,
				Base,
			);
			mainGroup = 68C8E54F1E6408AA00047901;
			productRefGroup = 68C8E5591E6408AA00047901 /* Products */;
			projectDirPath = "";
			projectRoot = "";
			targets = (
				68C8E5571E6408AA00047901 /* Konstruu */,
			);
		};
/* End PBXProject section */

/* Begin PBXResourcesBuildPhase section */
		68C8E5561E6408AA00047901 /* Resources */ = {
			isa = PBXResourcesBuildPhase;
			buildActionMask = 2147483647;
			files = (
				61BD68BF1E6DEC0A00B1A0E9 /* LoginViewController.xib in Resources */,
				613B1B5E1E722F3C00544297 /* ProgressPostTableViewCell.xib in Resources */,
				6874024B1EA665EE00232634 /* OpenSans-LightItalic.ttf in Resources */,
				687402461EA665E900232634 /* OpenSans-Bold.ttf in Resources */,
				61F7F8771E6E06870017461F /* ChallengeViewController.xib in Resources */,
				68C8E5661E6408AA00047901 /* LaunchScreen.storyboard in Resources */,
				CA3A89441E6F81820000D33E /* ChallengeTableViewCell.xib in Resources */,
				687402471EA665EE00232634 /* OpenSans-BoldItalic.ttf in Resources */,
				61BD68C31E6DEEF400B1A0E9 /* ProfileViewController.xib in Resources */,
				61F255DF1E984E2C0039459D /* GoogleService-Info.plist in Resources */,
				6874024C1EA665EE00232634 /* OpenSans-Regular.ttf in Resources */,
				687402491EA665EE00232634 /* OpenSans-ExtraBoldItalic.ttf in Resources */,
				687402481EA665EE00232634 /* OpenSans-ExtraBold.ttf in Resources */,
				61F7F87B1E6E06FB0017461F /* TeamViewController.xib in Resources */,
				6874024E1EA665EE00232634 /* OpenSans-SemiboldItalic.ttf in Resources */,
				613B1B521E72144800544297 /* TeamTableViewCell.xib in Resources */,
				6874024D1EA665EE00232634 /* OpenSans-Semibold.ttf in Resources */,
				68C8E5631E6408AA00047901 /* Assets.xcassets in Resources */,
				613B1B5A1E722F2A00544297 /* UserCollectionViewCell.xib in Resources */,
				613B1B561E721A1E00544297 /* FindChallengesViewController.xib in Resources */,
				6874024A1EA665EE00232634 /* OpenSans-Light.ttf in Resources */,
				61F7F8831E6E077D0017461F /* CreateTeamViewController.xib in Resources */,
			);
			runOnlyForDeploymentPostprocessing = 0;
		};
/* End PBXResourcesBuildPhase section */

/* Begin PBXShellScriptBuildPhase section */
		6BC9CC457EA69117D183408B /* [CP] Check Pods Manifest.lock */ = {
			isa = PBXShellScriptBuildPhase;
			buildActionMask = 2147483647;
			files = (
			);
			inputPaths = (
			);
			name = "[CP] Check Pods Manifest.lock";
			outputPaths = (
			);
			runOnlyForDeploymentPostprocessing = 0;
			shellPath = /bin/sh;
			shellScript = "diff \"${PODS_ROOT}/../Podfile.lock\" \"${PODS_ROOT}/Manifest.lock\" > /dev/null\nif [ $? != 0 ] ; then\n    # print error to STDERR\n    echo \"error: The sandbox is not in sync with the Podfile.lock. Run 'pod install' or update your CocoaPods installation.\" >&2\n    exit 1\nfi\n";
			showEnvVarsInLog = 0;
		};
		B5C779D525A2796105C587BE /* [CP] Embed Pods Frameworks */ = {
			isa = PBXShellScriptBuildPhase;
			buildActionMask = 2147483647;
			files = (
			);
			inputPaths = (
			);
			name = "[CP] Embed Pods Frameworks";
			outputPaths = (
			);
			runOnlyForDeploymentPostprocessing = 0;
			shellPath = /bin/sh;
			shellScript = "\"${SRCROOT}/Pods/Target Support Files/Pods-Konstruu/Pods-Konstruu-frameworks.sh\"\n";
			showEnvVarsInLog = 0;
		};
		EC0525A50005594C7AA240EC /* [CP] Copy Pods Resources */ = {
			isa = PBXShellScriptBuildPhase;
			buildActionMask = 2147483647;
			files = (
			);
			inputPaths = (
			);
			name = "[CP] Copy Pods Resources";
			outputPaths = (
			);
			runOnlyForDeploymentPostprocessing = 0;
			shellPath = /bin/sh;
			shellScript = "\"${SRCROOT}/Pods/Target Support Files/Pods-Konstruu/Pods-Konstruu-resources.sh\"\n";
			showEnvVarsInLog = 0;
		};
/* End PBXShellScriptBuildPhase section */

/* Begin PBXSourcesBuildPhase section */
		68C8E5541E6408AA00047901 /* Sources */ = {
			isa = PBXSourcesBuildPhase;
			buildActionMask = 2147483647;
			files = (
				615A292B1E9AD5E700568D40 /* API.swift in Sources */,
				61E7C2DD1E9DB3B60052B0E6 /* Challenge.swift in Sources */,
				61E7C2DF1E9DB3BD0052B0E6 /* Team.swift in Sources */,
				613B1B551E721A1E00544297 /* FindChallengesViewController.swift in Sources */,
				61BD68C21E6DEEF400B1A0E9 /* ProfileViewController.swift in Sources */,
				687402501EA6668100232634 /* UIColor+Helper.swift in Sources */,
				681085F51E9D239300FB32F0 /* ChallengeButton.swift in Sources */,
				6874023B1EA6656600232634 /* UIFont+Helper.swift in Sources */,
				61BD68BE1E6DEC0A00B1A0E9 /* LoginViewController.swift in Sources */,
				68C8E55C1E6408AA00047901 /* AppDelegate.swift in Sources */,
				6874025B1EAF014D00232634 /* ProfileSpecialityTableViewCell.swift in Sources */,
				61E7C2DB1E9DB3AA0052B0E6 /* User.swift in Sources */,
				61F7F87E1E6E076C0017461F /* CreateChallengeViewController.swift in Sources */,
				61F7F8821E6E077D0017461F /* CreateTeamViewController.swift in Sources */,
				618C69771EA2C2C500AA84B0 /* Badges.swift in Sources */,
				687402591EAE803700232634 /* ProfileInfoTableViewCell.swift in Sources */,
				613B1B591E722F2A00544297 /* UserCollectionViewCell.swift in Sources */,
				61F7F8761E6E06870017461F /* ChallengeViewController.swift in Sources */,
				613B1B511E72144800544297 /* TeamTableViewCell.swift in Sources */,
				681085F71E9D245000FB32F0 /* ScalableButton.swift in Sources */,
				61BD68CF1E6DF7B900B1A0E9 /* ChallengeTableViewCell.swift in Sources */,
				687402571EADE0C600232634 /* ChallengeCategories.swift in Sources */,
				618FBA441E7332B300B2F652 /* KonstruuTabBarController.swift in Sources */,
				61F7F87A1E6E06FB0017461F /* TeamViewController.swift in Sources */,
				68EFF7761EAFB0CE003D7785 /* ProfileProjectTableViewCell.swift in Sources */,
			);
			runOnlyForDeploymentPostprocessing = 0;
		};
/* End PBXSourcesBuildPhase section */

/* Begin PBXVariantGroup section */
		68C8E5641E6408AA00047901 /* LaunchScreen.storyboard */ = {
			isa = PBXVariantGroup;
			children = (
				68C8E5651E6408AA00047901 /* Base */,
			);
			name = LaunchScreen.storyboard;
			sourceTree = "<group>";
		};
/* End PBXVariantGroup section */

/* Begin XCBuildConfiguration section */
		68C8E5681E6408AA00047901 /* Debug */ = {
			isa = XCBuildConfiguration;
			buildSettings = {
				ALWAYS_SEARCH_USER_PATHS = NO;
				CLANG_ANALYZER_NONNULL = YES;
				CLANG_CXX_LANGUAGE_STANDARD = "gnu++0x";
				CLANG_CXX_LIBRARY = "libc++";
				CLANG_ENABLE_MODULES = YES;
				CLANG_ENABLE_OBJC_ARC = YES;
				CLANG_WARN_BOOL_CONVERSION = YES;
				CLANG_WARN_CONSTANT_CONVERSION = YES;
				CLANG_WARN_DIRECT_OBJC_ISA_USAGE = YES_ERROR;
				CLANG_WARN_DOCUMENTATION_COMMENTS = YES;
				CLANG_WARN_EMPTY_BODY = YES;
				CLANG_WARN_ENUM_CONVERSION = YES;
				CLANG_WARN_INFINITE_RECURSION = YES;
				CLANG_WARN_INT_CONVERSION = YES;
				CLANG_WARN_OBJC_ROOT_CLASS = YES_ERROR;
				CLANG_WARN_SUSPICIOUS_MOVE = YES;
				CLANG_WARN_UNREACHABLE_CODE = YES;
				CLANG_WARN__DUPLICATE_METHOD_MATCH = YES;
				"CODE_SIGN_IDENTITY[sdk=iphoneos*]" = "iPhone Developer";
				COPY_PHASE_STRIP = NO;
				DEBUG_INFORMATION_FORMAT = dwarf;
				ENABLE_STRICT_OBJC_MSGSEND = YES;
				ENABLE_TESTABILITY = YES;
				GCC_C_LANGUAGE_STANDARD = gnu99;
				GCC_DYNAMIC_NO_PIC = NO;
				GCC_NO_COMMON_BLOCKS = YES;
				GCC_OPTIMIZATION_LEVEL = 0;
				GCC_PREPROCESSOR_DEFINITIONS = (
					"DEBUG=1",
					"$(inherited)",
				);
				GCC_WARN_64_TO_32_BIT_CONVERSION = YES;
				GCC_WARN_ABOUT_RETURN_TYPE = YES_ERROR;
				GCC_WARN_UNDECLARED_SELECTOR = YES;
				GCC_WARN_UNINITIALIZED_AUTOS = YES_AGGRESSIVE;
				GCC_WARN_UNUSED_FUNCTION = YES;
				GCC_WARN_UNUSED_VARIABLE = YES;
				IPHONEOS_DEPLOYMENT_TARGET = 10.2;
				MTL_ENABLE_DEBUG_INFO = YES;
				ONLY_ACTIVE_ARCH = YES;
				SDKROOT = iphoneos;
				SWIFT_ACTIVE_COMPILATION_CONDITIONS = DEBUG;
				SWIFT_OPTIMIZATION_LEVEL = "-Onone";
			};
			name = Debug;
		};
		68C8E5691E6408AA00047901 /* Release */ = {
			isa = XCBuildConfiguration;
			buildSettings = {
				ALWAYS_SEARCH_USER_PATHS = NO;
				CLANG_ANALYZER_NONNULL = YES;
				CLANG_CXX_LANGUAGE_STANDARD = "gnu++0x";
				CLANG_CXX_LIBRARY = "libc++";
				CLANG_ENABLE_MODULES = YES;
				CLANG_ENABLE_OBJC_ARC = YES;
				CLANG_WARN_BOOL_CONVERSION = YES;
				CLANG_WARN_CONSTANT_CONVERSION = YES;
				CLANG_WARN_DIRECT_OBJC_ISA_USAGE = YES_ERROR;
				CLANG_WARN_DOCUMENTATION_COMMENTS = YES;
				CLANG_WARN_EMPTY_BODY = YES;
				CLANG_WARN_ENUM_CONVERSION = YES;
				CLANG_WARN_INFINITE_RECURSION = YES;
				CLANG_WARN_INT_CONVERSION = YES;
				CLANG_WARN_OBJC_ROOT_CLASS = YES_ERROR;
				CLANG_WARN_SUSPICIOUS_MOVE = YES;
				CLANG_WARN_UNREACHABLE_CODE = YES;
				CLANG_WARN__DUPLICATE_METHOD_MATCH = YES;
				"CODE_SIGN_IDENTITY[sdk=iphoneos*]" = "iPhone Developer";
				COPY_PHASE_STRIP = NO;
				DEBUG_INFORMATION_FORMAT = "dwarf-with-dsym";
				ENABLE_NS_ASSERTIONS = NO;
				ENABLE_STRICT_OBJC_MSGSEND = YES;
				GCC_C_LANGUAGE_STANDARD = gnu99;
				GCC_NO_COMMON_BLOCKS = YES;
				GCC_WARN_64_TO_32_BIT_CONVERSION = YES;
				GCC_WARN_ABOUT_RETURN_TYPE = YES_ERROR;
				GCC_WARN_UNDECLARED_SELECTOR = YES;
				GCC_WARN_UNINITIALIZED_AUTOS = YES_AGGRESSIVE;
				GCC_WARN_UNUSED_FUNCTION = YES;
				GCC_WARN_UNUSED_VARIABLE = YES;
				IPHONEOS_DEPLOYMENT_TARGET = 10.2;
				MTL_ENABLE_DEBUG_INFO = NO;
				SDKROOT = iphoneos;
				SWIFT_OPTIMIZATION_LEVEL = "-Owholemodule";
				VALIDATE_PRODUCT = YES;
			};
			name = Release;
		};
		68C8E56B1E6408AA00047901 /* Debug */ = {
			isa = XCBuildConfiguration;
			baseConfigurationReference = A9732213F7532194FC238323 /* Pods-Konstruu.debug.xcconfig */;
			buildSettings = {
				ASSETCATALOG_COMPILER_APPICON_NAME = AppIcon;
				DEVELOPMENT_TEAM = TLAM246JYZ;
				INFOPLIST_FILE = Konstruu/Info.plist;
				LD_RUNPATH_SEARCH_PATHS = "$(inherited) @executable_path/Frameworks";
				PRODUCT_BUNDLE_IDENTIFIER = com.example.Konstruu;
				PRODUCT_NAME = "$(TARGET_NAME)";
				SWIFT_VERSION = 3.0;
			};
			name = Debug;
		};
		68C8E56C1E6408AA00047901 /* Release */ = {
			isa = XCBuildConfiguration;
			baseConfigurationReference = 3933F443C092D674AF826DEB /* Pods-Konstruu.release.xcconfig */;
			buildSettings = {
				ASSETCATALOG_COMPILER_APPICON_NAME = AppIcon;
				DEVELOPMENT_TEAM = TLAM246JYZ;
				INFOPLIST_FILE = Konstruu/Info.plist;
				LD_RUNPATH_SEARCH_PATHS = "$(inherited) @executable_path/Frameworks";
				PRODUCT_BUNDLE_IDENTIFIER = com.example.Konstruu;
				PRODUCT_NAME = "$(TARGET_NAME)";
				SWIFT_VERSION = 3.0;
			};
			name = Release;
		};
/* End XCBuildConfiguration section */

/* Begin XCConfigurationList section */
		68C8E5531E6408AA00047901 /* Build configuration list for PBXProject "Konstruu" */ = {
			isa = XCConfigurationList;
			buildConfigurations = (
				68C8E5681E6408AA00047901 /* Debug */,
				68C8E5691E6408AA00047901 /* Release */,
			);
			defaultConfigurationIsVisible = 0;
			defaultConfigurationName = Release;
		};
		68C8E56A1E6408AA00047901 /* Build configuration list for PBXNativeTarget "Konstruu" */ = {
			isa = XCConfigurationList;
			buildConfigurations = (
				68C8E56B1E6408AA00047901 /* Debug */,
				68C8E56C1E6408AA00047901 /* Release */,
			);
			defaultConfigurationIsVisible = 0;
			defaultConfigurationName = Release;
		};
/* End XCConfigurationList section */
	};
	rootObject = 68C8E5501E6408AA00047901 /* Project object */;
}
